// !$*UTF8*$!
{
	archiveVersion = 1;
	classes = {
	};
	objectVersion = 55;
	objects = {

/* Begin PBXBuildFile section */
		4C052ADC27BEB0C7007F7B03 /* VisitedSheet.swift in Sources */ = {isa = PBXBuildFile; fileRef = 4C052ADB27BEB0C7007F7B03 /* VisitedSheet.swift */; };
		4C052ADD27BEB0C7007F7B03 /* VisitedSheet.swift in Sources */ = {isa = PBXBuildFile; fileRef = 4C052ADB27BEB0C7007F7B03 /* VisitedSheet.swift */; };
		4C5D606227B906F2008D3711 /* TrigpointsApp.swift in Sources */ = {isa = PBXBuildFile; fileRef = 4C5D606127B906F2008D3711 /* TrigpointsApp.swift */; };
		4C5D606427B906F2008D3711 /* VisitsList.swift in Sources */ = {isa = PBXBuildFile; fileRef = 4C5D606327B906F2008D3711 /* VisitsList.swift */; };
		4C5D606627B906F3008D3711 /* Assets.xcassets in Resources */ = {isa = PBXBuildFile; fileRef = 4C5D606527B906F3008D3711 /* Assets.xcassets */; };
		4C5D606927B906F3008D3711 /* Preview Assets.xcassets in Resources */ = {isa = PBXBuildFile; fileRef = 4C5D606827B906F3008D3711 /* Preview Assets.xcassets */; };
		4C5D606B27B906F3008D3711 /* Persistence.swift in Sources */ = {isa = PBXBuildFile; fileRef = 4C5D606A27B906F3008D3711 /* Persistence.swift */; };
		4C5D606E27B906F3008D3711 /* Trigpoints.xcdatamodeld in Sources */ = {isa = PBXBuildFile; fileRef = 4C5D606C27B906F3008D3711 /* Trigpoints.xcdatamodeld */; };
		4C5D607827B906F4008D3711 /* PointListItemTests.swift in Sources */ = {isa = PBXBuildFile; fileRef = 4C5D607727B906F4008D3711 /* PointListItemTests.swift */; };
		4C5D608227B906F4008D3711 /* LocationAuthorizationUITests.swift in Sources */ = {isa = PBXBuildFile; fileRef = 4C5D608127B906F4008D3711 /* LocationAuthorizationUITests.swift */; };
		4C5D608427B906F4008D3711 /* TrigpointsUITestsLaunchTests.swift in Sources */ = {isa = PBXBuildFile; fileRef = 4C5D608327B906F4008D3711 /* TrigpointsUITestsLaunchTests.swift */; };
		4C5D609327B90900008D3711 /* smalltrig.json in Resources */ = {isa = PBXBuildFile; fileRef = 4C5D609127B90900008D3711 /* smalltrig.json */; };
		4C5D609427B90900008D3711 /* smalltrig.json in Resources */ = {isa = PBXBuildFile; fileRef = 4C5D609127B90900008D3711 /* smalltrig.json */; };
		4C5D609527B90900008D3711 /* smalltrig.json in Resources */ = {isa = PBXBuildFile; fileRef = 4C5D609127B90900008D3711 /* smalltrig.json */; };
		4C5D609627B90900008D3711 /* trig.json in Resources */ = {isa = PBXBuildFile; fileRef = 4C5D609227B90900008D3711 /* trig.json */; };
		4C5D609727B90900008D3711 /* trig.json in Resources */ = {isa = PBXBuildFile; fileRef = 4C5D609227B90900008D3711 /* trig.json */; };
		4C5D609827B90900008D3711 /* trig.json in Resources */ = {isa = PBXBuildFile; fileRef = 4C5D609227B90900008D3711 /* trig.json */; };
		4C5D609E27B90FD5008D3711 /* LocationModel.swift in Sources */ = {isa = PBXBuildFile; fileRef = 4C5D609D27B90FD5008D3711 /* LocationModel.swift */; };
		4C5D609F27B90FD5008D3711 /* LocationModel.swift in Sources */ = {isa = PBXBuildFile; fileRef = 4C5D609D27B90FD5008D3711 /* LocationModel.swift */; };
		4C5D60A027B90FD5008D3711 /* LocationModel.swift in Sources */ = {isa = PBXBuildFile; fileRef = 4C5D609D27B90FD5008D3711 /* LocationModel.swift */; };
		4C5D60A427B91046008D3711 /* RequestErrorView.swift in Sources */ = {isa = PBXBuildFile; fileRef = 4C5D60A227B91046008D3711 /* RequestErrorView.swift */; };
		4C5D60A527B91046008D3711 /* RequestErrorView.swift in Sources */ = {isa = PBXBuildFile; fileRef = 4C5D60A227B91046008D3711 /* RequestErrorView.swift */; };
		4C5D60A627B91046008D3711 /* RequestLocationView.swift in Sources */ = {isa = PBXBuildFile; fileRef = 4C5D60A327B91046008D3711 /* RequestLocationView.swift */; };
		4C5D60A727B91046008D3711 /* RequestLocationView.swift in Sources */ = {isa = PBXBuildFile; fileRef = 4C5D60A327B91046008D3711 /* RequestLocationView.swift */; };
		4C5D60AA27B910AE008D3711 /* TopLevel.swift in Sources */ = {isa = PBXBuildFile; fileRef = 4C5D60A927B910AE008D3711 /* TopLevel.swift */; };
		4C5D60AB27B910AE008D3711 /* TopLevel.swift in Sources */ = {isa = PBXBuildFile; fileRef = 4C5D60A927B910AE008D3711 /* TopLevel.swift */; };
		4C5D60AD27B911A1008D3711 /* PointListItem.swift in Sources */ = {isa = PBXBuildFile; fileRef = 4C5D60AC27B911A1008D3711 /* PointListItem.swift */; };
		4C5D60AE27B911A1008D3711 /* PointListItem.swift in Sources */ = {isa = PBXBuildFile; fileRef = 4C5D60AC27B911A1008D3711 /* PointListItem.swift */; };
		4C5D60B027B9153D008D3711 /* TrigJSON.swift in Sources */ = {isa = PBXBuildFile; fileRef = 4C5D60AF27B9153D008D3711 /* TrigJSON.swift */; };
		4C5D60B127B9153D008D3711 /* TrigJSON.swift in Sources */ = {isa = PBXBuildFile; fileRef = 4C5D60AF27B9153D008D3711 /* TrigJSON.swift */; };
		4C5D60B627B9203F008D3711 /* DetailView.swift in Sources */ = {isa = PBXBuildFile; fileRef = 4C5D60B527B9203F008D3711 /* DetailView.swift */; };
		4C5D60B727B9203F008D3711 /* DetailView.swift in Sources */ = {isa = PBXBuildFile; fileRef = 4C5D60B527B9203F008D3711 /* DetailView.swift */; };
		4C5D60B927B92055008D3711 /* EmbeddedMapView.swift in Sources */ = {isa = PBXBuildFile; fileRef = 4C5D60B827B92055008D3711 /* EmbeddedMapView.swift */; };
		4C5D60BA27B92055008D3711 /* EmbeddedMapView.swift in Sources */ = {isa = PBXBuildFile; fileRef = 4C5D60B827B92055008D3711 /* EmbeddedMapView.swift */; };
		4C5D60BC27B9206A008D3711 /* LabelledButton.swift in Sources */ = {isa = PBXBuildFile; fileRef = 4C5D60BB27B9206A008D3711 /* LabelledButton.swift */; };
		4C5D60BD27B9206A008D3711 /* LabelledButton.swift in Sources */ = {isa = PBXBuildFile; fileRef = 4C5D60BB27B9206A008D3711 /* LabelledButton.swift */; };
		4C8E1BDE27C41A8E00080564 /* Settings.bundle in Resources */ = {isa = PBXBuildFile; fileRef = 4C8E1BDD27C41A8E00080564 /* Settings.bundle */; };
		4C8E1BE027C6932300080564 /* VisitedPointsList.swift in Sources */ = {isa = PBXBuildFile; fileRef = 4C8E1BDF27C6932300080564 /* VisitedPointsList.swift */; };
		4C8E1BE127C6932300080564 /* VisitedPointsList.swift in Sources */ = {isa = PBXBuildFile; fileRef = 4C8E1BDF27C6932300080564 /* VisitedPointsList.swift */; };
		4C9E2E9D27C7C6F500E54990 /* ViewInspector in Frameworks */ = {isa = PBXBuildFile; productRef = 4C9E2E9C27C7C6F500E54990 /* ViewInspector */; };
		4C9E2E9E27C7C71300E54990 /* PointListItem.swift in Sources */ = {isa = PBXBuildFile; fileRef = 4C5D60AC27B911A1008D3711 /* PointListItem.swift */; };
		4C9E2E9F27C7C71300E54990 /* AngleIndicator.swift in Sources */ = {isa = PBXBuildFile; fileRef = 4CAB47EE27BAF2400043B797 /* AngleIndicator.swift */; };
		4C9E2EA027C7C71900E54990 /* Persistence.swift in Sources */ = {isa = PBXBuildFile; fileRef = 4C5D606A27B906F3008D3711 /* Persistence.swift */; };
		4C9E2EA127C7C71900E54990 /* Trigpoints.xcdatamodeld in Sources */ = {isa = PBXBuildFile; fileRef = 4C5D606C27B906F3008D3711 /* Trigpoints.xcdatamodeld */; };
		4C9E2EA227C7C71E00E54990 /* VisitsList.swift in Sources */ = {isa = PBXBuildFile; fileRef = 4C5D606327B906F2008D3711 /* VisitsList.swift */; };
		4CAB47E827BAF0CC0043B797 /* CoreLocationExtensions.swift in Sources */ = {isa = PBXBuildFile; fileRef = 4CAB47E727BAF0CC0043B797 /* CoreLocationExtensions.swift */; };
		4CAB47E927BAF0CC0043B797 /* CoreLocationExtensions.swift in Sources */ = {isa = PBXBuildFile; fileRef = 4CAB47E727BAF0CC0043B797 /* CoreLocationExtensions.swift */; };
		4CAB47EF27BAF2400043B797 /* AngleIndicator.swift in Sources */ = {isa = PBXBuildFile; fileRef = 4CAB47EE27BAF2400043B797 /* AngleIndicator.swift */; };
		4CAB47F027BAF2400043B797 /* AngleIndicator.swift in Sources */ = {isa = PBXBuildFile; fileRef = 4CAB47EE27BAF2400043B797 /* AngleIndicator.swift */; };
		4CAB47F127BD74D50043B797 /* Persistence.swift in Sources */ = {isa = PBXBuildFile; fileRef = 4C5D606A27B906F3008D3711 /* Persistence.swift */; };
		4CAB47F227BD74D50043B797 /* Trigpoints.xcdatamodeld in Sources */ = {isa = PBXBuildFile; fileRef = 4C5D606C27B906F3008D3711 /* Trigpoints.xcdatamodeld */; };
		4CAB47F327BD74D60043B797 /* TrigJSON.swift in Sources */ = {isa = PBXBuildFile; fileRef = 4C5D60AF27B9153D008D3711 /* TrigJSON.swift */; };
		4CAB47F427BD752A0043B797 /* CoreLocationExtensions.swift in Sources */ = {isa = PBXBuildFile; fileRef = 4CAB47E727BAF0CC0043B797 /* CoreLocationExtensions.swift */; };
		4CAB47F727BE30500043B797 /* ListFilters.swift in Sources */ = {isa = PBXBuildFile; fileRef = 4CAB47F627BE30500043B797 /* ListFilters.swift */; };
		4CAB47F827BE30500043B797 /* ListFilters.swift in Sources */ = {isa = PBXBuildFile; fileRef = 4CAB47F627BE30500043B797 /* ListFilters.swift */; };
		4CC6519127CE233B00EF6BBE /* NearbyPointsUITests.swift in Sources */ = {isa = PBXBuildFile; fileRef = 4CC6519027CE233B00EF6BBE /* NearbyPointsUITests.swift */; };
		4CCFD83B27B9546700A99A78 /* NearbyPointsList.swift in Sources */ = {isa = PBXBuildFile; fileRef = 4CCFD83A27B9546700A99A78 /* NearbyPointsList.swift */; };
		4CCFD83C27B9546700A99A78 /* NearbyPointsList.swift in Sources */ = {isa = PBXBuildFile; fileRef = 4CCFD83A27B9546700A99A78 /* NearbyPointsList.swift */; };
		4CED9529284FA65F000F99FF /* NearbyPointsModel.swift in Sources */ = {isa = PBXBuildFile; fileRef = 4CED9528284FA65F000F99FF /* NearbyPointsModel.swift */; };
		4CED952A284FA65F000F99FF /* NearbyPointsModel.swift in Sources */ = {isa = PBXBuildFile; fileRef = 4CED9528284FA65F000F99FF /* NearbyPointsModel.swift */; };
		4CED952B284FA65F000F99FF /* NearbyPointsModel.swift in Sources */ = {isa = PBXBuildFile; fileRef = 4CED9528284FA65F000F99FF /* NearbyPointsModel.swift */; };
		4CF5A53B27CA77A800F7483C /* LocationRequiredWrapper.swift in Sources */ = {isa = PBXBuildFile; fileRef = 4CF5A53A27CA77A800F7483C /* LocationRequiredWrapper.swift */; };
		4CF5A53C27CA77A800F7483C /* LocationRequiredWrapper.swift in Sources */ = {isa = PBXBuildFile; fileRef = 4CF5A53A27CA77A800F7483C /* LocationRequiredWrapper.swift */; };
/* End PBXBuildFile section */

/* Begin PBXContainerItemProxy section */
		4C5D607427B906F4008D3711 /* PBXContainerItemProxy */ = {
			isa = PBXContainerItemProxy;
			containerPortal = 4C5D605627B906F2008D3711 /* Project object */;
			proxyType = 1;
			remoteGlobalIDString = 4C5D605D27B906F2008D3711;
			remoteInfo = Trigpoints;
		};
		4C5D607E27B906F4008D3711 /* PBXContainerItemProxy */ = {
			isa = PBXContainerItemProxy;
			containerPortal = 4C5D605627B906F2008D3711 /* Project object */;
			proxyType = 1;
			remoteGlobalIDString = 4C5D605D27B906F2008D3711;
			remoteInfo = Trigpoints;
		};
/* End PBXContainerItemProxy section */

/* Begin PBXFileReference section */
		4C052ADB27BEB0C7007F7B03 /* VisitedSheet.swift */ = {isa = PBXFileReference; lastKnownFileType = sourcecode.swift; path = VisitedSheet.swift; sourceTree = "<group>"; };
		4C5D605E27B906F2008D3711 /* Trigpoints.app */ = {isa = PBXFileReference; explicitFileType = wrapper.application; includeInIndex = 0; path = Trigpoints.app; sourceTree = BUILT_PRODUCTS_DIR; };
		4C5D606127B906F2008D3711 /* TrigpointsApp.swift */ = {isa = PBXFileReference; lastKnownFileType = sourcecode.swift; path = TrigpointsApp.swift; sourceTree = "<group>"; };
		4C5D606327B906F2008D3711 /* VisitsList.swift */ = {isa = PBXFileReference; lastKnownFileType = sourcecode.swift; path = VisitsList.swift; sourceTree = "<group>"; };
		4C5D606527B906F3008D3711 /* Assets.xcassets */ = {isa = PBXFileReference; lastKnownFileType = folder.assetcatalog; path = Assets.xcassets; sourceTree = "<group>"; };
		4C5D606827B906F3008D3711 /* Preview Assets.xcassets */ = {isa = PBXFileReference; lastKnownFileType = folder.assetcatalog; path = "Preview Assets.xcassets"; sourceTree = "<group>"; };
		4C5D606A27B906F3008D3711 /* Persistence.swift */ = {isa = PBXFileReference; lastKnownFileType = sourcecode.swift; path = Persistence.swift; sourceTree = "<group>"; };
		4C5D606D27B906F3008D3711 /* Trigpoints.xcdatamodel */ = {isa = PBXFileReference; lastKnownFileType = wrapper.xcdatamodel; path = Trigpoints.xcdatamodel; sourceTree = "<group>"; };
		4C5D607327B906F4008D3711 /* TrigpointsTests.xctest */ = {isa = PBXFileReference; explicitFileType = wrapper.cfbundle; includeInIndex = 0; path = TrigpointsTests.xctest; sourceTree = BUILT_PRODUCTS_DIR; };
		4C5D607727B906F4008D3711 /* PointListItemTests.swift */ = {isa = PBXFileReference; lastKnownFileType = sourcecode.swift; path = PointListItemTests.swift; sourceTree = "<group>"; };
		4C5D607D27B906F4008D3711 /* TrigpointsUITests.xctest */ = {isa = PBXFileReference; explicitFileType = wrapper.cfbundle; includeInIndex = 0; path = TrigpointsUITests.xctest; sourceTree = BUILT_PRODUCTS_DIR; };
		4C5D608127B906F4008D3711 /* LocationAuthorizationUITests.swift */ = {isa = PBXFileReference; lastKnownFileType = sourcecode.swift; path = LocationAuthorizationUITests.swift; sourceTree = "<group>"; };
		4C5D608327B906F4008D3711 /* TrigpointsUITestsLaunchTests.swift */ = {isa = PBXFileReference; lastKnownFileType = sourcecode.swift; path = TrigpointsUITestsLaunchTests.swift; sourceTree = "<group>"; };
		4C5D609127B90900008D3711 /* smalltrig.json */ = {isa = PBXFileReference; fileEncoding = 4; lastKnownFileType = text.json; path = smalltrig.json; sourceTree = "<group>"; };
		4C5D609227B90900008D3711 /* trig.json */ = {isa = PBXFileReference; fileEncoding = 4; lastKnownFileType = text.json; path = trig.json; sourceTree = "<group>"; };
		4C5D609D27B90FD5008D3711 /* LocationModel.swift */ = {isa = PBXFileReference; fileEncoding = 4; lastKnownFileType = sourcecode.swift; path = LocationModel.swift; sourceTree = "<group>"; };
		4C5D60A227B91046008D3711 /* RequestErrorView.swift */ = {isa = PBXFileReference; fileEncoding = 4; lastKnownFileType = sourcecode.swift; path = RequestErrorView.swift; sourceTree = "<group>"; };
		4C5D60A327B91046008D3711 /* RequestLocationView.swift */ = {isa = PBXFileReference; fileEncoding = 4; lastKnownFileType = sourcecode.swift; path = RequestLocationView.swift; sourceTree = "<group>"; };
		4C5D60A927B910AE008D3711 /* TopLevel.swift */ = {isa = PBXFileReference; lastKnownFileType = sourcecode.swift; path = TopLevel.swift; sourceTree = "<group>"; };
		4C5D60AC27B911A1008D3711 /* PointListItem.swift */ = {isa = PBXFileReference; fileEncoding = 4; lastKnownFileType = sourcecode.swift; path = PointListItem.swift; sourceTree = "<group>"; };
		4C5D60AF27B9153D008D3711 /* TrigJSON.swift */ = {isa = PBXFileReference; lastKnownFileType = sourcecode.swift; path = TrigJSON.swift; sourceTree = "<group>"; };
		4C5D60B527B9203F008D3711 /* DetailView.swift */ = {isa = PBXFileReference; fileEncoding = 4; lastKnownFileType = sourcecode.swift; path = DetailView.swift; sourceTree = "<group>"; };
		4C5D60B827B92055008D3711 /* EmbeddedMapView.swift */ = {isa = PBXFileReference; fileEncoding = 4; lastKnownFileType = sourcecode.swift; path = EmbeddedMapView.swift; sourceTree = "<group>"; };
		4C5D60BB27B9206A008D3711 /* LabelledButton.swift */ = {isa = PBXFileReference; fileEncoding = 4; lastKnownFileType = sourcecode.swift; path = LabelledButton.swift; sourceTree = "<group>"; };
		4C8E1BDD27C41A8E00080564 /* Settings.bundle */ = {isa = PBXFileReference; lastKnownFileType = "wrapper.plug-in"; path = Settings.bundle; sourceTree = "<group>"; };
		4C8E1BDF27C6932300080564 /* VisitedPointsList.swift */ = {isa = PBXFileReference; lastKnownFileType = sourcecode.swift; path = VisitedPointsList.swift; sourceTree = "<group>"; };
		4CAB47E727BAF0CC0043B797 /* CoreLocationExtensions.swift */ = {isa = PBXFileReference; lastKnownFileType = sourcecode.swift; path = CoreLocationExtensions.swift; sourceTree = "<group>"; };
		4CAB47EE27BAF2400043B797 /* AngleIndicator.swift */ = {isa = PBXFileReference; lastKnownFileType = sourcecode.swift; path = AngleIndicator.swift; sourceTree = "<group>"; };
		4CAB47F627BE30500043B797 /* ListFilters.swift */ = {isa = PBXFileReference; lastKnownFileType = sourcecode.swift; path = ListFilters.swift; sourceTree = "<group>"; };
		4CC6519027CE233B00EF6BBE /* NearbyPointsUITests.swift */ = {isa = PBXFileReference; lastKnownFileType = sourcecode.swift; path = NearbyPointsUITests.swift; sourceTree = "<group>"; };
		4CCFD83A27B9546700A99A78 /* NearbyPointsList.swift */ = {isa = PBXFileReference; lastKnownFileType = sourcecode.swift; path = NearbyPointsList.swift; sourceTree = "<group>"; };
		4CED9528284FA65F000F99FF /* NearbyPointsModel.swift */ = {isa = PBXFileReference; lastKnownFileType = sourcecode.swift; path = NearbyPointsModel.swift; sourceTree = "<group>"; };
		4CF5A53A27CA77A800F7483C /* LocationRequiredWrapper.swift */ = {isa = PBXFileReference; lastKnownFileType = sourcecode.swift; path = LocationRequiredWrapper.swift; sourceTree = "<group>"; };
/* End PBXFileReference section */

/* Begin PBXFrameworksBuildPhase section */
		4C5D605B27B906F2008D3711 /* Frameworks */ = {
			isa = PBXFrameworksBuildPhase;
			buildActionMask = 2147483647;
			files = (
			);
			runOnlyForDeploymentPostprocessing = 0;
		};
		4C5D607027B906F4008D3711 /* Frameworks */ = {
			isa = PBXFrameworksBuildPhase;
			buildActionMask = 2147483647;
			files = (
				4C9E2E9D27C7C6F500E54990 /* ViewInspector in Frameworks */,
			);
			runOnlyForDeploymentPostprocessing = 0;
		};
		4C5D607A27B906F4008D3711 /* Frameworks */ = {
			isa = PBXFrameworksBuildPhase;
			buildActionMask = 2147483647;
			files = (
			);
			runOnlyForDeploymentPostprocessing = 0;
		};
/* End PBXFrameworksBuildPhase section */

/* Begin PBXGroup section */
		4C052ADA27BEB0A2007F7B03 /* DetailView */ = {
			isa = PBXGroup;
			children = (
				4C5D60BB27B9206A008D3711 /* LabelledButton.swift */,
				4C5D60B827B92055008D3711 /* EmbeddedMapView.swift */,
				4C5D60B527B9203F008D3711 /* DetailView.swift */,
				4C052ADB27BEB0C7007F7B03 /* VisitedSheet.swift */,
				4C5D606327B906F2008D3711 /* VisitsList.swift */,
			);
			path = DetailView;
			sourceTree = "<group>";
		};
		4C5D605527B906F2008D3711 = {
			isa = PBXGroup;
			children = (
				4C5D606027B906F2008D3711 /* Trigpoints */,
				4C5D607627B906F4008D3711 /* TrigpointsTests */,
				4C5D608027B906F4008D3711 /* TrigpointsUITests */,
				4C5D605F27B906F2008D3711 /* Products */,
			);
			sourceTree = "<group>";
		};
		4C5D605F27B906F2008D3711 /* Products */ = {
			isa = PBXGroup;
			children = (
				4C5D605E27B906F2008D3711 /* Trigpoints.app */,
				4C5D607327B906F4008D3711 /* TrigpointsTests.xctest */,
				4C5D607D27B906F4008D3711 /* TrigpointsUITests.xctest */,
			);
			name = Products;
			sourceTree = "<group>";
		};
		4C5D606027B906F2008D3711 /* Trigpoints */ = {
			isa = PBXGroup;
			children = (
				4CAB47EA27BAF0D50043B797 /* Helpers */,
				4C5D609A27B90C32008D3711 /* Views */,
				4C5D609927B90C28008D3711 /* Models */,
				4C5D609027B908DE008D3711 /* Resources */,
				4C5D606127B906F2008D3711 /* TrigpointsApp.swift */,
				4C5D606527B906F3008D3711 /* Assets.xcassets */,
				4C5D606727B906F3008D3711 /* Preview Content */,
			);
			path = Trigpoints;
			sourceTree = "<group>";
		};
		4C5D606727B906F3008D3711 /* Preview Content */ = {
			isa = PBXGroup;
			children = (
				4C5D606827B906F3008D3711 /* Preview Assets.xcassets */,
			);
			path = "Preview Content";
			sourceTree = "<group>";
		};
		4C5D607627B906F4008D3711 /* TrigpointsTests */ = {
			isa = PBXGroup;
			children = (
				4C5D607727B906F4008D3711 /* PointListItemTests.swift */,
			);
			path = TrigpointsTests;
			sourceTree = "<group>";
		};
		4C5D608027B906F4008D3711 /* TrigpointsUITests */ = {
			isa = PBXGroup;
			children = (
				4C5D608127B906F4008D3711 /* LocationAuthorizationUITests.swift */,
				4C5D608327B906F4008D3711 /* TrigpointsUITestsLaunchTests.swift */,
				4CC6519027CE233B00EF6BBE /* NearbyPointsUITests.swift */,
			);
			path = TrigpointsUITests;
			sourceTree = "<group>";
		};
		4C5D609027B908DE008D3711 /* Resources */ = {
			isa = PBXGroup;
			children = (
				4C5D609127B90900008D3711 /* smalltrig.json */,
				4C5D609227B90900008D3711 /* trig.json */,
				4C8E1BDD27C41A8E00080564 /* Settings.bundle */,
			);
			path = Resources;
			sourceTree = "<group>";
		};
		4C5D609927B90C28008D3711 /* Models */ = {
			isa = PBXGroup;
			children = (
				4C5D609C27B90FB6008D3711 /* Location */,
				4C5D609B27B90FAA008D3711 /* Trig data */,
			);
			path = Models;
			sourceTree = "<group>";
		};
		4C5D609A27B90C32008D3711 /* Views */ = {
			isa = PBXGroup;
			children = (
				4C5D60A827B91080008D3711 /* Trig points */,
				4C5D60A127B90FE6008D3711 /* Location */,
			);
			path = Views;
			sourceTree = "<group>";
		};
		4C5D609B27B90FAA008D3711 /* Trig data */ = {
			isa = PBXGroup;
			children = (
				4C5D606A27B906F3008D3711 /* Persistence.swift */,
				4C5D606C27B906F3008D3711 /* Trigpoints.xcdatamodeld */,
				4C5D60AF27B9153D008D3711 /* TrigJSON.swift */,
			);
			path = "Trig data";
			sourceTree = "<group>";
		};
		4C5D609C27B90FB6008D3711 /* Location */ = {
			isa = PBXGroup;
			children = (
				4C5D609D27B90FD5008D3711 /* LocationModel.swift */,
				4CED9528284FA65F000F99FF /* NearbyPointsModel.swift */,
			);
			path = Location;
			sourceTree = "<group>";
		};
		4C5D60A127B90FE6008D3711 /* Location */ = {
			isa = PBXGroup;
			children = (
				4C5D60A227B91046008D3711 /* RequestErrorView.swift */,
				4C5D60A327B91046008D3711 /* RequestLocationView.swift */,
			);
			path = Location;
			sourceTree = "<group>";
		};
		4C5D60A827B91080008D3711 /* Trig points */ = {
			isa = PBXGroup;
			children = (
				4C052ADA27BEB0A2007F7B03 /* DetailView */,
				4CAB47F527BE301D0043B797 /* Listing */,
			);
			path = "Trig points";
			sourceTree = "<group>";
		};
		4CAB47EA27BAF0D50043B797 /* Helpers */ = {
			isa = PBXGroup;
			children = (
				4CAB47E727BAF0CC0043B797 /* CoreLocationExtensions.swift */,
			);
			path = Helpers;
			sourceTree = "<group>";
		};
		4CAB47F527BE301D0043B797 /* Listing */ = {
			isa = PBXGroup;
			children = (
				4C5D60A927B910AE008D3711 /* TopLevel.swift */,
				4CCFD83A27B9546700A99A78 /* NearbyPointsList.swift */,
				4C5D60AC27B911A1008D3711 /* PointListItem.swift */,
				4CAB47EE27BAF2400043B797 /* AngleIndicator.swift */,
				4CAB47F627BE30500043B797 /* ListFilters.swift */,
				4C8E1BDF27C6932300080564 /* VisitedPointsList.swift */,
				4CF5A53A27CA77A800F7483C /* LocationRequiredWrapper.swift */,
			);
			path = Listing;
			sourceTree = "<group>";
		};
/* End PBXGroup section */

/* Begin PBXNativeTarget section */
		4C5D605D27B906F2008D3711 /* Trigpoints */ = {
			isa = PBXNativeTarget;
			buildConfigurationList = 4C5D608727B906F4008D3711 /* Build configuration list for PBXNativeTarget "Trigpoints" */;
			buildPhases = (
				4C5D605A27B906F2008D3711 /* Sources */,
				4C5D605B27B906F2008D3711 /* Frameworks */,
				4C5D605C27B906F2008D3711 /* Resources */,
			);
			buildRules = (
			);
			dependencies = (
			);
			name = Trigpoints;
			productName = Trigpoints;
			productReference = 4C5D605E27B906F2008D3711 /* Trigpoints.app */;
			productType = "com.apple.product-type.application";
		};
		4C5D607227B906F4008D3711 /* TrigpointsTests */ = {
			isa = PBXNativeTarget;
			buildConfigurationList = 4C5D608A27B906F4008D3711 /* Build configuration list for PBXNativeTarget "TrigpointsTests" */;
			buildPhases = (
				4C5D606F27B906F4008D3711 /* Sources */,
				4C5D607027B906F4008D3711 /* Frameworks */,
				4C5D607127B906F4008D3711 /* Resources */,
			);
			buildRules = (
			);
			dependencies = (
				4C5D607527B906F4008D3711 /* PBXTargetDependency */,
			);
			name = TrigpointsTests;
			packageProductDependencies = (
				4C9E2E9C27C7C6F500E54990 /* ViewInspector */,
			);
			productName = TrigpointsTests;
			productReference = 4C5D607327B906F4008D3711 /* TrigpointsTests.xctest */;
			productType = "com.apple.product-type.bundle.unit-test";
		};
		4C5D607C27B906F4008D3711 /* TrigpointsUITests */ = {
			isa = PBXNativeTarget;
			buildConfigurationList = 4C5D608D27B906F4008D3711 /* Build configuration list for PBXNativeTarget "TrigpointsUITests" */;
			buildPhases = (
				4C5D607927B906F4008D3711 /* Sources */,
				4C5D607A27B906F4008D3711 /* Frameworks */,
				4C5D607B27B906F4008D3711 /* Resources */,
			);
			buildRules = (
			);
			dependencies = (
				4C5D607F27B906F4008D3711 /* PBXTargetDependency */,
			);
			name = TrigpointsUITests;
			productName = TrigpointsUITests;
			productReference = 4C5D607D27B906F4008D3711 /* TrigpointsUITests.xctest */;
			productType = "com.apple.product-type.bundle.ui-testing";
		};
/* End PBXNativeTarget section */

/* Begin PBXProject section */
		4C5D605627B906F2008D3711 /* Project object */ = {
			isa = PBXProject;
			attributes = {
				BuildIndependentTargetsInParallel = 1;
				LastSwiftUpdateCheck = 1320;
				LastUpgradeCheck = 1320;
				TargetAttributes = {
					4C5D605D27B906F2008D3711 = {
						CreatedOnToolsVersion = 13.2.1;
					};
					4C5D607227B906F4008D3711 = {
						CreatedOnToolsVersion = 13.2.1;
						TestTargetID = 4C5D605D27B906F2008D3711;
					};
					4C5D607C27B906F4008D3711 = {
						CreatedOnToolsVersion = 13.2.1;
						TestTargetID = 4C5D605D27B906F2008D3711;
					};
				};
			};
			buildConfigurationList = 4C5D605927B906F2008D3711 /* Build configuration list for PBXProject "Trigpoints" */;
			compatibilityVersion = "Xcode 13.0";
			developmentRegion = en;
			hasScannedForEncodings = 0;
			knownRegions = (
				en,
				Base,
			);
			mainGroup = 4C5D605527B906F2008D3711;
			packageReferences = (
				4C9E2E9B27C7C6F500E54990 /* XCRemoteSwiftPackageReference "ViewInspector" */,
			);
			productRefGroup = 4C5D605F27B906F2008D3711 /* Products */;
			projectDirPath = "";
			projectRoot = "";
			targets = (
				4C5D605D27B906F2008D3711 /* Trigpoints */,
				4C5D607227B906F4008D3711 /* TrigpointsTests */,
				4C5D607C27B906F4008D3711 /* TrigpointsUITests */,
			);
		};
/* End PBXProject section */

/* Begin PBXResourcesBuildPhase section */
		4C5D605C27B906F2008D3711 /* Resources */ = {
			isa = PBXResourcesBuildPhase;
			buildActionMask = 2147483647;
			files = (
				4C5D606927B906F3008D3711 /* Preview Assets.xcassets in Resources */,
				4C5D606627B906F3008D3711 /* Assets.xcassets in Resources */,
				4C8E1BDE27C41A8E00080564 /* Settings.bundle in Resources */,
				4C5D609327B90900008D3711 /* smalltrig.json in Resources */,
				4C5D609627B90900008D3711 /* trig.json in Resources */,
			);
			runOnlyForDeploymentPostprocessing = 0;
		};
		4C5D607127B906F4008D3711 /* Resources */ = {
			isa = PBXResourcesBuildPhase;
			buildActionMask = 2147483647;
			files = (
				4C5D609427B90900008D3711 /* smalltrig.json in Resources */,
				4C5D609727B90900008D3711 /* trig.json in Resources */,
			);
			runOnlyForDeploymentPostprocessing = 0;
		};
		4C5D607B27B906F4008D3711 /* Resources */ = {
			isa = PBXResourcesBuildPhase;
			buildActionMask = 2147483647;
			files = (
				4C5D609527B90900008D3711 /* smalltrig.json in Resources */,
				4C5D609827B90900008D3711 /* trig.json in Resources */,
			);
			runOnlyForDeploymentPostprocessing = 0;
		};
/* End PBXResourcesBuildPhase section */

/* Begin PBXSourcesBuildPhase section */
		4C5D605A27B906F2008D3711 /* Sources */ = {
			isa = PBXSourcesBuildPhase;
			buildActionMask = 2147483647;
			files = (
				4C5D606B27B906F3008D3711 /* Persistence.swift in Sources */,
				4CCFD83B27B9546700A99A78 /* NearbyPointsList.swift in Sources */,
				4C5D60B627B9203F008D3711 /* DetailView.swift in Sources */,
				4C5D606427B906F2008D3711 /* VisitsList.swift in Sources */,
				4C5D606E27B906F3008D3711 /* Trigpoints.xcdatamodeld in Sources */,
				4C052ADC27BEB0C7007F7B03 /* VisitedSheet.swift in Sources */,
				4C5D60AA27B910AE008D3711 /* TopLevel.swift in Sources */,
				4CED9529284FA65F000F99FF /* NearbyPointsModel.swift in Sources */,
				4CF5A53B27CA77A800F7483C /* LocationRequiredWrapper.swift in Sources */,
				4C5D60A627B91046008D3711 /* RequestLocationView.swift in Sources */,
				4C5D60AD27B911A1008D3711 /* PointListItem.swift in Sources */,
				4C5D60B927B92055008D3711 /* EmbeddedMapView.swift in Sources */,
				4CAB47E827BAF0CC0043B797 /* CoreLocationExtensions.swift in Sources */,
				4C8E1BE027C6932300080564 /* VisitedPointsList.swift in Sources */,
				4C5D60A427B91046008D3711 /* RequestErrorView.swift in Sources */,
				4C5D60B027B9153D008D3711 /* TrigJSON.swift in Sources */,
				4C5D60BC27B9206A008D3711 /* LabelledButton.swift in Sources */,
				4CAB47F727BE30500043B797 /* ListFilters.swift in Sources */,
				4C5D609E27B90FD5008D3711 /* LocationModel.swift in Sources */,
				4C5D606227B906F2008D3711 /* TrigpointsApp.swift in Sources */,
				4CAB47EF27BAF2400043B797 /* AngleIndicator.swift in Sources */,
			);
			runOnlyForDeploymentPostprocessing = 0;
		};
		4C5D606F27B906F4008D3711 /* Sources */ = {
			isa = PBXSourcesBuildPhase;
			buildActionMask = 2147483647;
			files = (
				4C9E2EA027C7C71900E54990 /* Persistence.swift in Sources */,
				4C9E2EA127C7C71900E54990 /* Trigpoints.xcdatamodeld in Sources */,
				4C9E2E9E27C7C71300E54990 /* PointListItem.swift in Sources */,
				4C9E2E9F27C7C71300E54990 /* AngleIndicator.swift in Sources */,
				4CED952A284FA65F000F99FF /* NearbyPointsModel.swift in Sources */,
				4C5D60B127B9153D008D3711 /* TrigJSON.swift in Sources */,
				4CAB47E927BAF0CC0043B797 /* CoreLocationExtensions.swift in Sources */,
				4C5D609F27B90FD5008D3711 /* LocationModel.swift in Sources */,
				4C5D607827B906F4008D3711 /* PointListItemTests.swift in Sources */,
			);
			runOnlyForDeploymentPostprocessing = 0;
		};
		4C5D607927B906F4008D3711 /* Sources */ = {
			isa = PBXSourcesBuildPhase;
			buildActionMask = 2147483647;
			files = (
				4C9E2EA227C7C71E00E54990 /* VisitsList.swift in Sources */,
				4CAB47F427BD752A0043B797 /* CoreLocationExtensions.swift in Sources */,
				4CAB47F127BD74D50043B797 /* Persistence.swift in Sources */,
				4CAB47F227BD74D50043B797 /* Trigpoints.xcdatamodeld in Sources */,
				4CAB47F327BD74D60043B797 /* TrigJSON.swift in Sources */,
				4CF5A53C27CA77A800F7483C /* LocationRequiredWrapper.swift in Sources */,
				4C052ADD27BEB0C7007F7B03 /* VisitedSheet.swift in Sources */,
				4CAB47F027BAF2400043B797 /* AngleIndicator.swift in Sources */,
				4C5D60BA27B92055008D3711 /* EmbeddedMapView.swift in Sources */,
				4C5D60B727B9203F008D3711 /* DetailView.swift in Sources */,
				4C5D608227B906F4008D3711 /* LocationAuthorizationUITests.swift in Sources */,
				4CC6519127CE233B00EF6BBE /* NearbyPointsUITests.swift in Sources */,
				4C5D60A727B91046008D3711 /* RequestLocationView.swift in Sources */,
				4C8E1BE127C6932300080564 /* VisitedPointsList.swift in Sources */,
				4C5D60A027B90FD5008D3711 /* LocationModel.swift in Sources */,
				4C5D60AB27B910AE008D3711 /* TopLevel.swift in Sources */,
				4CCFD83C27B9546700A99A78 /* NearbyPointsList.swift in Sources */,
				4CED952B284FA65F000F99FF /* NearbyPointsModel.swift in Sources */,
				4CAB47F827BE30500043B797 /* ListFilters.swift in Sources */,
				4C5D60AE27B911A1008D3711 /* PointListItem.swift in Sources */,
				4C5D60BD27B9206A008D3711 /* LabelledButton.swift in Sources */,
				4C5D608427B906F4008D3711 /* TrigpointsUITestsLaunchTests.swift in Sources */,
				4C5D60A527B91046008D3711 /* RequestErrorView.swift in Sources */,
			);
			runOnlyForDeploymentPostprocessing = 0;
		};
/* End PBXSourcesBuildPhase section */

/* Begin PBXTargetDependency section */
		4C5D607527B906F4008D3711 /* PBXTargetDependency */ = {
			isa = PBXTargetDependency;
			target = 4C5D605D27B906F2008D3711 /* Trigpoints */;
			targetProxy = 4C5D607427B906F4008D3711 /* PBXContainerItemProxy */;
		};
		4C5D607F27B906F4008D3711 /* PBXTargetDependency */ = {
			isa = PBXTargetDependency;
			target = 4C5D605D27B906F2008D3711 /* Trigpoints */;
			targetProxy = 4C5D607E27B906F4008D3711 /* PBXContainerItemProxy */;
		};
/* End PBXTargetDependency section */

/* Begin XCBuildConfiguration section */
		4C5D608527B906F4008D3711 /* Debug */ = {
			isa = XCBuildConfiguration;
			buildSettings = {
				ALWAYS_SEARCH_USER_PATHS = NO;
				CLANG_ANALYZER_NONNULL = YES;
				CLANG_ANALYZER_NUMBER_OBJECT_CONVERSION = YES_AGGRESSIVE;
				CLANG_CXX_LANGUAGE_STANDARD = "gnu++17";
				CLANG_CXX_LIBRARY = "libc++";
				CLANG_ENABLE_MODULES = YES;
				CLANG_ENABLE_OBJC_ARC = YES;
				CLANG_ENABLE_OBJC_WEAK = YES;
				CLANG_WARN_BLOCK_CAPTURE_AUTORELEASING = YES;
				CLANG_WARN_BOOL_CONVERSION = YES;
				CLANG_WARN_COMMA = YES;
				CLANG_WARN_CONSTANT_CONVERSION = YES;
				CLANG_WARN_DEPRECATED_OBJC_IMPLEMENTATIONS = YES;
				CLANG_WARN_DIRECT_OBJC_ISA_USAGE = YES_ERROR;
				CLANG_WARN_DOCUMENTATION_COMMENTS = YES;
				CLANG_WARN_EMPTY_BODY = YES;
				CLANG_WARN_ENUM_CONVERSION = YES;
				CLANG_WARN_INFINITE_RECURSION = YES;
				CLANG_WARN_INT_CONVERSION = YES;
				CLANG_WARN_NON_LITERAL_NULL_CONVERSION = YES;
				CLANG_WARN_OBJC_IMPLICIT_RETAIN_SELF = YES;
				CLANG_WARN_OBJC_LITERAL_CONVERSION = YES;
				CLANG_WARN_OBJC_ROOT_CLASS = YES_ERROR;
				CLANG_WARN_QUOTED_INCLUDE_IN_FRAMEWORK_HEADER = YES;
				CLANG_WARN_RANGE_LOOP_ANALYSIS = YES;
				CLANG_WARN_STRICT_PROTOTYPES = YES;
				CLANG_WARN_SUSPICIOUS_MOVE = YES;
				CLANG_WARN_UNGUARDED_AVAILABILITY = YES_AGGRESSIVE;
				CLANG_WARN_UNREACHABLE_CODE = YES;
				CLANG_WARN__DUPLICATE_METHOD_MATCH = YES;
				COPY_PHASE_STRIP = NO;
				DEBUG_INFORMATION_FORMAT = dwarf;
				ENABLE_STRICT_OBJC_MSGSEND = YES;
				ENABLE_TESTABILITY = YES;
				GCC_C_LANGUAGE_STANDARD = gnu11;
				GCC_DYNAMIC_NO_PIC = NO;
				GCC_NO_COMMON_BLOCKS = YES;
				GCC_OPTIMIZATION_LEVEL = 0;
				GCC_PREPROCESSOR_DEFINITIONS = (
					"DEBUG=1",
					"$(inherited)",
				);
				GCC_WARN_64_TO_32_BIT_CONVERSION = YES;
				GCC_WARN_ABOUT_RETURN_TYPE = YES_ERROR;
				GCC_WARN_UNDECLARED_SELECTOR = YES;
				GCC_WARN_UNINITIALIZED_AUTOS = YES_AGGRESSIVE;
				GCC_WARN_UNUSED_FUNCTION = YES;
				GCC_WARN_UNUSED_VARIABLE = YES;
				IPHONEOS_DEPLOYMENT_TARGET = 15.2;
				MTL_ENABLE_DEBUG_INFO = INCLUDE_SOURCE;
				MTL_FAST_MATH = YES;
				ONLY_ACTIVE_ARCH = YES;
				SDKROOT = iphoneos;
				SWIFT_ACTIVE_COMPILATION_CONDITIONS = DEBUG;
				SWIFT_OPTIMIZATION_LEVEL = "-Onone";
			};
			name = Debug;
		};
		4C5D608627B906F4008D3711 /* Release */ = {
			isa = XCBuildConfiguration;
			buildSettings = {
				ALWAYS_SEARCH_USER_PATHS = NO;
				CLANG_ANALYZER_NONNULL = YES;
				CLANG_ANALYZER_NUMBER_OBJECT_CONVERSION = YES_AGGRESSIVE;
				CLANG_CXX_LANGUAGE_STANDARD = "gnu++17";
				CLANG_CXX_LIBRARY = "libc++";
				CLANG_ENABLE_MODULES = YES;
				CLANG_ENABLE_OBJC_ARC = YES;
				CLANG_ENABLE_OBJC_WEAK = YES;
				CLANG_WARN_BLOCK_CAPTURE_AUTORELEASING = YES;
				CLANG_WARN_BOOL_CONVERSION = YES;
				CLANG_WARN_COMMA = YES;
				CLANG_WARN_CONSTANT_CONVERSION = YES;
				CLANG_WARN_DEPRECATED_OBJC_IMPLEMENTATIONS = YES;
				CLANG_WARN_DIRECT_OBJC_ISA_USAGE = YES_ERROR;
				CLANG_WARN_DOCUMENTATION_COMMENTS = YES;
				CLANG_WARN_EMPTY_BODY = YES;
				CLANG_WARN_ENUM_CONVERSION = YES;
				CLANG_WARN_INFINITE_RECURSION = YES;
				CLANG_WARN_INT_CONVERSION = YES;
				CLANG_WARN_NON_LITERAL_NULL_CONVERSION = YES;
				CLANG_WARN_OBJC_IMPLICIT_RETAIN_SELF = YES;
				CLANG_WARN_OBJC_LITERAL_CONVERSION = YES;
				CLANG_WARN_OBJC_ROOT_CLASS = YES_ERROR;
				CLANG_WARN_QUOTED_INCLUDE_IN_FRAMEWORK_HEADER = YES;
				CLANG_WARN_RANGE_LOOP_ANALYSIS = YES;
				CLANG_WARN_STRICT_PROTOTYPES = YES;
				CLANG_WARN_SUSPICIOUS_MOVE = YES;
				CLANG_WARN_UNGUARDED_AVAILABILITY = YES_AGGRESSIVE;
				CLANG_WARN_UNREACHABLE_CODE = YES;
				CLANG_WARN__DUPLICATE_METHOD_MATCH = YES;
				COPY_PHASE_STRIP = NO;
				DEBUG_INFORMATION_FORMAT = "dwarf-with-dsym";
				ENABLE_NS_ASSERTIONS = NO;
				ENABLE_STRICT_OBJC_MSGSEND = YES;
				GCC_C_LANGUAGE_STANDARD = gnu11;
				GCC_NO_COMMON_BLOCKS = YES;
				GCC_WARN_64_TO_32_BIT_CONVERSION = YES;
				GCC_WARN_ABOUT_RETURN_TYPE = YES_ERROR;
				GCC_WARN_UNDECLARED_SELECTOR = YES;
				GCC_WARN_UNINITIALIZED_AUTOS = YES_AGGRESSIVE;
				GCC_WARN_UNUSED_FUNCTION = YES;
				GCC_WARN_UNUSED_VARIABLE = YES;
				IPHONEOS_DEPLOYMENT_TARGET = 15.2;
				MTL_ENABLE_DEBUG_INFO = NO;
				MTL_FAST_MATH = YES;
				SDKROOT = iphoneos;
				SWIFT_COMPILATION_MODE = wholemodule;
				SWIFT_OPTIMIZATION_LEVEL = "-O";
				VALIDATE_PRODUCT = YES;
			};
			name = Release;
		};
		4C5D608827B906F4008D3711 /* Debug */ = {
			isa = XCBuildConfiguration;
			buildSettings = {
				ASSETCATALOG_COMPILER_APPICON_NAME = AppIcon;
				ASSETCATALOG_COMPILER_GLOBAL_ACCENT_COLOR_NAME = AccentColor;
				CODE_SIGN_STYLE = Automatic;
				CURRENT_PROJECT_VERSION = 9;
				DEVELOPMENT_ASSET_PATHS = "\"Trigpoints/Preview Content\"";
				DEVELOPMENT_TEAM = RBAHCJXK46;
				ENABLE_PREVIEWS = YES;
				GENERATE_INFOPLIST_FILE = YES;
				INFOPLIST_KEY_NSLocationWhenInUseUsageDescription = "Location needed to find nearby trig points";
				INFOPLIST_KEY_UIApplicationSceneManifest_Generation = YES;
				INFOPLIST_KEY_UIApplicationSupportsIndirectInputEvents = YES;
				INFOPLIST_KEY_UILaunchScreen_Generation = YES;
				INFOPLIST_KEY_UISupportedInterfaceOrientations_iPad = "UIInterfaceOrientationPortrait UIInterfaceOrientationPortraitUpsideDown UIInterfaceOrientationLandscapeLeft UIInterfaceOrientationLandscapeRight";
				INFOPLIST_KEY_UISupportedInterfaceOrientations_iPhone = "UIInterfaceOrientationPortrait UIInterfaceOrientationLandscapeLeft UIInterfaceOrientationLandscapeRight";
				LD_RUNPATH_SEARCH_PATHS = (
					"$(inherited)",
					"@executable_path/Frameworks",
				);
				MARKETING_VERSION = 0.1;
				PRODUCT_BUNDLE_IDENTIFIER = com.digitalflapjack.Trigpoints;
				PRODUCT_NAME = "$(TARGET_NAME)";
				SWIFT_EMIT_LOC_STRINGS = YES;
				SWIFT_VERSION = 5.0;
				TARGETED_DEVICE_FAMILY = "1,2";
			};
			name = Debug;
		};
		4C5D608927B906F4008D3711 /* Release */ = {
			isa = XCBuildConfiguration;
			buildSettings = {
				ASSETCATALOG_COMPILER_APPICON_NAME = AppIcon;
				ASSETCATALOG_COMPILER_GLOBAL_ACCENT_COLOR_NAME = AccentColor;
				CODE_SIGN_STYLE = Automatic;
				CURRENT_PROJECT_VERSION = 9;
				DEVELOPMENT_ASSET_PATHS = "\"Trigpoints/Preview Content\"";
				DEVELOPMENT_TEAM = RBAHCJXK46;
				ENABLE_PREVIEWS = YES;
				GENERATE_INFOPLIST_FILE = YES;
				INFOPLIST_KEY_NSLocationWhenInUseUsageDescription = "Location needed to find nearby trig points";
				INFOPLIST_KEY_UIApplicationSceneManifest_Generation = YES;
				INFOPLIST_KEY_UIApplicationSupportsIndirectInputEvents = YES;
				INFOPLIST_KEY_UILaunchScreen_Generation = YES;
				INFOPLIST_KEY_UISupportedInterfaceOrientations_iPad = "UIInterfaceOrientationPortrait UIInterfaceOrientationPortraitUpsideDown UIInterfaceOrientationLandscapeLeft UIInterfaceOrientationLandscapeRight";
				INFOPLIST_KEY_UISupportedInterfaceOrientations_iPhone = "UIInterfaceOrientationPortrait UIInterfaceOrientationLandscapeLeft UIInterfaceOrientationLandscapeRight";
				LD_RUNPATH_SEARCH_PATHS = (
					"$(inherited)",
					"@executable_path/Frameworks",
				);
				MARKETING_VERSION = 0.1;
				PRODUCT_BUNDLE_IDENTIFIER = com.digitalflapjack.Trigpoints;
				PRODUCT_NAME = "$(TARGET_NAME)";
				SWIFT_EMIT_LOC_STRINGS = YES;
				SWIFT_VERSION = 5.0;
				TARGETED_DEVICE_FAMILY = "1,2";
			};
			name = Release;
		};
		4C5D608B27B906F4008D3711 /* Debug */ = {
			isa = XCBuildConfiguration;
			buildSettings = {
				ALWAYS_EMBED_SWIFT_STANDARD_LIBRARIES = YES;
				BUNDLE_LOADER = "$(TEST_HOST)";
				CODE_SIGN_STYLE = Automatic;
				CURRENT_PROJECT_VERSION = 1;
				DEVELOPMENT_TEAM = RBAHCJXK46;
				GENERATE_INFOPLIST_FILE = YES;
				IPHONEOS_DEPLOYMENT_TARGET = 15.2;
				MARKETING_VERSION = 1.0;
				PRODUCT_BUNDLE_IDENTIFIER = com.digitalflapjack.TrigpointsTests;
				PRODUCT_NAME = "$(TARGET_NAME)";
				SWIFT_EMIT_LOC_STRINGS = NO;
				SWIFT_VERSION = 5.0;
				TARGETED_DEVICE_FAMILY = "1,2";
				TEST_HOST = "$(BUILT_PRODUCTS_DIR)/Trigpoints.app/Trigpoints";
			};
			name = Debug;
		};
		4C5D608C27B906F4008D3711 /* Release */ = {
			isa = XCBuildConfiguration;
			buildSettings = {
				ALWAYS_EMBED_SWIFT_STANDARD_LIBRARIES = YES;
				BUNDLE_LOADER = "$(TEST_HOST)";
				CODE_SIGN_STYLE = Automatic;
				CURRENT_PROJECT_VERSION = 1;
				DEVELOPMENT_TEAM = RBAHCJXK46;
				GENERATE_INFOPLIST_FILE = YES;
				IPHONEOS_DEPLOYMENT_TARGET = 15.2;
				MARKETING_VERSION = 1.0;
				PRODUCT_BUNDLE_IDENTIFIER = com.digitalflapjack.TrigpointsTests;
				PRODUCT_NAME = "$(TARGET_NAME)";
				SWIFT_EMIT_LOC_STRINGS = NO;
				SWIFT_VERSION = 5.0;
				TARGETED_DEVICE_FAMILY = "1,2";
				TEST_HOST = "$(BUILT_PRODUCTS_DIR)/Trigpoints.app/Trigpoints";
			};
			name = Release;
		};
		4C5D608E27B906F4008D3711 /* Debug */ = {
			isa = XCBuildConfiguration;
			buildSettings = {
				ALWAYS_EMBED_SWIFT_STANDARD_LIBRARIES = YES;
				CODE_SIGN_STYLE = Automatic;
				CURRENT_PROJECT_VERSION = 1;
				DEVELOPMENT_TEAM = RBAHCJXK46;
				GENERATE_INFOPLIST_FILE = YES;
				MARKETING_VERSION = 1.0;
				PRODUCT_BUNDLE_IDENTIFIER = com.digitalflapjack.TrigpointsUITests;
				PRODUCT_NAME = "$(TARGET_NAME)";
				SWIFT_EMIT_LOC_STRINGS = NO;
				SWIFT_VERSION = 5.0;
				TARGETED_DEVICE_FAMILY = "1,2";
				TEST_TARGET_NAME = Trigpoints;
			};
			name = Debug;
		};
		4C5D608F27B906F4008D3711 /* Release */ = {
			isa = XCBuildConfiguration;
			buildSettings = {
				ALWAYS_EMBED_SWIFT_STANDARD_LIBRARIES = YES;
				CODE_SIGN_STYLE = Automatic;
				CURRENT_PROJECT_VERSION = 1;
				DEVELOPMENT_TEAM = RBAHCJXK46;
				GENERATE_INFOPLIST_FILE = YES;
				MARKETING_VERSION = 1.0;
				PRODUCT_BUNDLE_IDENTIFIER = com.digitalflapjack.TrigpointsUITests;
				PRODUCT_NAME = "$(TARGET_NAME)";
				SWIFT_EMIT_LOC_STRINGS = NO;
				SWIFT_VERSION = 5.0;
				TARGETED_DEVICE_FAMILY = "1,2";
				TEST_TARGET_NAME = Trigpoints;
			};
			name = Release;
		};
/* End XCBuildConfiguration section */

/* Begin XCConfigurationList section */
		4C5D605927B906F2008D3711 /* Build configuration list for PBXProject "Trigpoints" */ = {
			isa = XCConfigurationList;
			buildConfigurations = (
				4C5D608527B906F4008D3711 /* Debug */,
				4C5D608627B906F4008D3711 /* Release */,
			);
			defaultConfigurationIsVisible = 0;
			defaultConfigurationName = Release;
		};
		4C5D608727B906F4008D3711 /* Build configuration list for PBXNativeTarget "Trigpoints" */ = {
			isa = XCConfigurationList;
			buildConfigurations = (
				4C5D608827B906F4008D3711 /* Debug */,
				4C5D608927B906F4008D3711 /* Release */,
			);
			defaultConfigurationIsVisible = 0;
			defaultConfigurationName = Release;
		};
		4C5D608A27B906F4008D3711 /* Build configuration list for PBXNativeTarget "TrigpointsTests" */ = {
			isa = XCConfigurationList;
			buildConfigurations = (
				4C5D608B27B906F4008D3711 /* Debug */,
				4C5D608C27B906F4008D3711 /* Release */,
			);
			defaultConfigurationIsVisible = 0;
			defaultConfigurationName = Release;
		};
		4C5D608D27B906F4008D3711 /* Build configuration list for PBXNativeTarget "TrigpointsUITests" */ = {
			isa = XCConfigurationList;
			buildConfigurations = (
				4C5D608E27B906F4008D3711 /* Debug */,
				4C5D608F27B906F4008D3711 /* Release */,
			);
			defaultConfigurationIsVisible = 0;
			defaultConfigurationName = Release;
		};
/* End XCConfigurationList section */

/* Begin XCRemoteSwiftPackageReference section */
		4C9E2E9B27C7C6F500E54990 /* XCRemoteSwiftPackageReference "ViewInspector" */ = {
			isa = XCRemoteSwiftPackageReference;
			repositoryURL = "https://github.com/nalexn/ViewInspector";
			requirement = {
				kind = upToNextMajorVersion;
				minimumVersion = 0.9.1;
			};
		};
/* End XCRemoteSwiftPackageReference section */

/* Begin XCSwiftPackageProductDependency section */
		4C9E2E9C27C7C6F500E54990 /* ViewInspector */ = {
			isa = XCSwiftPackageProductDependency;
			package = 4C9E2E9B27C7C6F500E54990 /* XCRemoteSwiftPackageReference "ViewInspector" */;
			productName = ViewInspector;
		};
/* End XCSwiftPackageProductDependency section */

/* Begin XCVersionGroup section */
		4C5D606C27B906F3008D3711 /* Trigpoints.xcdatamodeld */ = {
			isa = XCVersionGroup;
			children = (
				4C5D606D27B906F3008D3711 /* Trigpoints.xcdatamodel */,
			);
			currentVersion = 4C5D606D27B906F3008D3711 /* Trigpoints.xcdatamodel */;
			path = Trigpoints.xcdatamodeld;
			sourceTree = "<group>";
			versionGroupType = wrapper.xcdatamodel;
		};
/* End XCVersionGroup section */
	};
	rootObject = 4C5D605627B906F2008D3711 /* Project object */;
}
